{
  "name": "lightweight-nitro-generator-",
  "version": "1.0.0",
  "lockfileVersion": 2,
  "requires": true,
  "packages": {
    "": {
      "name": "lightweight-nitro-generator-",
      "version": "1.0.0",
      "license": "MIT",
      "devDependencies": {
        "colorama": "^0.0.0",
        "colored": "^0.0.15",
        "numpy": "^0.0.1",
        "requests": "^0.3.0"
      }
    },
    "node_modules/async": {
      "version": "0.2.9",
      "resolved": "https://registry.npmjs.org/async/-/async-0.2.9.tgz",
      "integrity": "sha512-OAtM6mexGteNKdU29wcUfRW+VuBr94A3hx9h9yzBnPaQAbKoW1ORd68XM4CCAOpdL5wlNFgO29hsY1TKv2vAKw==",
      "dev": true
    },
    "node_modules/axo": {
      "version": "0.0.2",
      "resolved": "https://registry.npmjs.org/axo/-/axo-0.0.2.tgz",
      "integrity": "sha512-8CC4Mb+OhK97UEng0PgiqUDNZjzVcWDsV+G2vLYCQn1jEL7y6VqiRVlZlRu+aA/ckSznmNzW6X1I6nj2As/haQ==",
      "dev": true
    },
    "node_modules/colorama": {
      "version": "0.0.0",
      "resolved": "https://registry.npmjs.org/colorama/-/colorama-0.0.0.tgz",
      "integrity": "sha512-w3/qUDXGmxj7knYBkiD9nSkSpu5wjE6beIzMLwzhw+xooBIZ0AXrAs/W8BQRnMlVoLA8SwCQLo334QX3/QOjpA==",
      "dev": true
    },
    "node_modules/colored": {
      "version": "0.0.15",
      "resolved": "https://registry.npmjs.org/colored/-/colored-0.0.15.tgz",
      "integrity": "sha512-DUcrG5HGk5gnDTqpvrEXB5r2hhA6Vpf8V7p2Ay1mz2u8UtnGHyEpJVCnrgTEUBfI6bf1VK17FUJFsiayt7QF5Q==",
      "dev": true,
      "dependencies": {
        "colors": "0.6.x",
        "event-stream": "2.2.x",
        "nconf": "0.6.x",
        "xregexp": "2.0.x"
      },
      "bin": {
        "colored": "bin/colored.js"
      }
    },
    "node_modules/colors": {
      "version": "0.6.2",
      "resolved": "https://registry.npmjs.org/colors/-/colors-0.6.2.tgz",
      "integrity": "sha512-OsSVtHK8Ir8r3+Fxw/b4jS1ZLPXkV6ZxDRJQzeD7qo0SqMXWrHDM71DgYzPMHY8SFJ0Ao+nNU2p1MmwdzKqPrw==",
      "dev": true,
      "engines": {
        "node": ">=0.1.90"
      }
    },
    "node_modules/duplexer": {
      "version": "0.0.1",
      "resolved": "https://registry.npmjs.org/duplexer/-/duplexer-0.0.1.tgz",
      "integrity": "sha512-CoqaS7kODg9HlhxXWQtc6R/WY9NOxJ8NXVAIz5bugUW8M3TX+6YuFEBcXbqhfTN+pztRupqxymyheh5lLS/VJg==",
      "dev": true
    },
    "node_modules/event-stream": {
      "version": "2.2.3",
      "resolved": "https://registry.npmjs.org/event-stream/-/event-stream-2.2.3.tgz",
      "integrity": "sha512-v5XP2HQz5X6UgOrFMg5qG2Ew8h98NYjB964zoJhVZ4dirqQHWfcFUyhJQVDB5rpLAGMOpwH4OxfznxpozlPB2Q==",
      "dev": true,
      "dependencies": {
        "duplexer": "0.0.1",
        "from": "~0",
        "map-stream": "0.0.1",
        "optimist": "0.2",
        "through": "0.0.4"
      },
      "engines": {
        "node": "*"
      }
    },
    "node_modules/eventemitter3": {
      "version": "4.0.7",
      "resolved": "https://registry.npmjs.org/eventemitter3/-/eventemitter3-4.0.7.tgz",
      "integrity": "sha512-8guHBZCwKnFhYdHr2ysuRWErTwhoN2X8XELRlrRwpmfeY2jjuUN4taQMsULKUVo1K4DvZl+0pgfyoysHxvmvEw==",
      "dev": true
    },
    "node_modules/extendible": {
      "version": "0.1.1",
      "resolved": "https://registry.npmjs.org/extendible/-/extendible-0.1.1.tgz",
      "integrity": "sha512-AglckQA0TJV8/ZmhQcNmaaFcFFPXFIoZbfuoQOlGDK7Jh/roWotYzJ7ik1FBBCHBr8n7CgTR8lXXPAN8Rfb7rw==",
      "dev": true
    },
    "node_modules/failure": {
      "version": "1.1.1",
      "resolved": "https://registry.npmjs.org/failure/-/failure-1.1.1.tgz",
      "integrity": "sha512-lzrrk0NUfjVeU3jLmfU01zP5bfg4XVFxHREYGvgJowaCqHLSQtqIGENH/CU+oSs6yfYObdSM7b9UY/3p2VJOSg==",
      "dev": true
    },
    "node_modules/from": {
      "version": "0.1.7",
      "resolved": "https://registry.npmjs.org/from/-/from-0.1.7.tgz",
      "integrity": "sha512-twe20eF1OxVxp/ML/kq2p1uc6KvFK/+vs8WjEbeKmV2He22MKm7YF2ANIt+EOqhJ5L3K/SuuPhk0hWQDjOM23g==",
      "dev": true
    },
    "node_modules/hang": {
      "version": "1.0.0",
      "resolved": "https://registry.npmjs.org/hang/-/hang-1.0.0.tgz",
      "integrity": "sha512-vtBz98Bt/Tbm03cZO5Ymc7ZL8ead/jIx9T5Wg/xuz+9BXPAJNJSdGQW63LoaesogUQKTpHyal339hxTaTf/APg==",
      "dev": true
    },
    "node_modules/ini": {
      "version": "1.3.8",
      "resolved": "https://registry.npmjs.org/ini/-/ini-1.3.8.tgz",
      "integrity": "sha512-JV/yugV2uzW5iMRSiZAyDtQd+nxtUnjeLt0acNdw98kKLrvuRVyB80tsREOE7yvGVgalhZ6RNXCmEHkUKBKxew==",
      "dev": true
    },
    "node_modules/loads": {
      "version": "0.0.4",
      "resolved": "https://registry.npmjs.org/loads/-/loads-0.0.4.tgz",
      "integrity": "sha512-XjPzzYIHkuMNqYyvh6AECQAHi682nyKO9TMdMYnaz7QbPDI/KIeSIjRhAlXIbRMPYAgtLUYgPlD3mtKZ4Q8SYA==",
      "dev": true,
      "dependencies": {
        "failure": "1.1.x",
        "one-time": "0.0.x",
        "xhr-response": "1.0.x",
        "xhr-status": "1.0.x"
      }
    },
    "node_modules/map-stream": {
      "version": "0.0.1",
      "resolved": "https://registry.npmjs.org/map-stream/-/map-stream-0.0.1.tgz",
      "integrity": "sha512-4khu93cj6f1fqko423wi1O/LTc1kGt41H75wzo9cmnXdq6Qi+hnI0lBoztiGRGcHRy8UaoWVPfNgfOoSJkLWIw==",
      "dev": true
    },
    "node_modules/minimist": {
      "version": "0.0.10",
      "resolved": "https://registry.npmjs.org/minimist/-/minimist-0.0.10.tgz",
      "integrity": "sha512-iotkTvxc+TwOm5Ieim8VnSNvCDjCK9S8G3scJ50ZthspSxa7jx50jkhYduuAtAjvfDUwSgOwf8+If99AlOEhyw==",
      "dev": true
    },
    "node_modules/nconf": {
      "version": "0.6.9",
      "resolved": "https://registry.npmjs.org/nconf/-/nconf-0.6.9.tgz",
      "integrity": "sha512-MHiYHIc2igQsoI1v0IcVE4MVaV/+yIQtduOwUcQNoLd+pPgoKblWKbgU3itkhC0az5w2VMdQlQuAO+oi4qxtJg==",
      "dev": true,
      "dependencies": {
        "async": "0.2.9",
        "ini": "1.x.x",
        "optimist": "0.6.0"
      },
      "engines": {
        "node": ">= 0.4.0"
      }
    },
    "node_modules/nconf/node_modules/optimist": {
      "version": "0.6.0",
      "resolved": "https://registry.npmjs.org/optimist/-/optimist-0.6.0.tgz",
      "integrity": "sha512-ubrZPyOU0AHpXkmwqfWolap+eHMwQ484AKivkf0ZGyysd6fUJZl7ow9iu5UNV1vCZv46HQ7EM83IC3NGJ820hg==",
      "dev": true,
      "dependencies": {
        "minimist": "~0.0.1",
        "wordwrap": "~0.0.2"
      }
    },
    "node_modules/node-http-xhr": {
      "version": "1.3.4",
      "resolved": "https://registry.npmjs.org/node-http-xhr/-/node-http-xhr-1.3.4.tgz",
      "integrity": "sha512-0bA08/2RKWxw6pMkOVd3KP+0F5+ifQLMMTDxrCgxlgkoU1N8DhCbCSAYEqpgaVYM2smvbVVewiXjW+8AyoLfxQ==",
      "dev": true
    },
    "node_modules/numpy": {
      "version": "0.0.1",
      "resolved": "https://registry.npmjs.org/numpy/-/numpy-0.0.1.tgz",
      "integrity": "sha512-HPoSFyRtH4dRUGjI6bzeVKgfOeNtIAWLvVWMqbaNGmWKE+npdnZ6L78TEJELgZBb+9XpL6r16vOz1jaQ7YVI7Q==",
      "dev": true
    },
    "node_modules/one-time": {
      "version": "0.0.4",
      "resolved": "https://registry.npmjs.org/one-time/-/one-time-0.0.4.tgz",
      "integrity": "sha512-qAMrwuk2xLEutlASoiPiAMW3EN3K96Ka/ilSXYr6qR1zSVXw2j7+yDSqGTC4T9apfLYxM3tLLjKvgPdAUK7kYQ==",
      "dev": true
    },
    "node_modules/optimist": {
      "version": "0.2.8",
      "resolved": "https://registry.npmjs.org/optimist/-/optimist-0.2.8.tgz",
      "integrity": "sha512-Wy7E3cQDpqsTIFyW7m22hSevyTLxw850ahYv7FWsw4G6MIKVTZ8NSA95KBrQ95a4SMsMr1UGUUnwEFKhVaSzIg==",
      "dev": true,
      "dependencies": {
        "wordwrap": ">=0.0.1 <0.1.0"
      },
      "engines": {
        "node": "*"
      }
    },
    "node_modules/requests": {
      "version": "0.3.0",
      "resolved": "https://registry.npmjs.org/requests/-/requests-0.3.0.tgz",
      "integrity": "sha512-1B6nkiHjC1O1cSgFhEwkc+xd8vuj04h7xSmCg5yI8nmhCIKbPkX47od8erQ2pokBt5qxUO7dwP4jplXD6k6ISA==",
      "dev": true,
      "dependencies": {
        "axo": "0.0.x",
        "eventemitter3": "~4.0.0",
        "extendible": "0.1.x",
        "hang": "1.0.x",
        "loads": "0.0.x",
        "node-http-xhr": "~1.3.0",
        "xhr-send": "1.0.x"
      }
    },
    "node_modules/through": {
      "version": "0.0.4",
      "resolved": "https://registry.npmjs.org/through/-/through-0.0.4.tgz",
      "integrity": "sha512-7CnD8vVnO0XxijtvcOlnkc8d0Wp1LiiPC2S1eO+2jhRw3baMOmA7Tcq3csUywUoQymdsa363K2nMb6sO/SFCOg==",
      "dev": true
    },
    "node_modules/wordwrap": {
      "version": "0.0.3",
      "resolved": "https://registry.npmjs.org/wordwrap/-/wordwrap-0.0.3.tgz",
      "integrity": "sha512-1tMA907+V4QmxV7dbRvb4/8MaRALK6q9Abid3ndMYnbyo8piisCmeONVqVSXqQA3KaP4SLt5b7ud6E2sqP8TFw==",
      "dev": true,
      "engines": {
        "node": ">=0.4.0"
      }
    },
    "node_modules/xhr-response": {
      "version": "1.0.1",
      "resolved": "https://registry.npmjs.org/xhr-response/-/xhr-response-1.0.1.tgz",
      "integrity": "sha512-m2FlVRCl3VqDcpc8UaWZJpwuHpFR2vYeXv6ipXU2Uuu4vNKFYVEFI0emuJN370Fge+JCbiAnS+JJmSoWVmWrjQ==",
      "dev": true
    },
    "node_modules/xhr-send": {
      "version": "1.0.0",
      "resolved": "https://registry.npmjs.org/xhr-send/-/xhr-send-1.0.0.tgz",
      "integrity": "sha512-789EG4qW6Z0nPvG74AV3WWQCnBG5HxJXNiBsnEivZ8OpbvVA0amH0+g+MNT99o5kt/XLdRezm5KS1wJzcGJztw==",
      "dev": true
    },
    "node_modules/xhr-status": {
      "version": "1.0.1",
      "resolved": "https://registry.npmjs.org/xhr-status/-/xhr-status-1.0.1.tgz",
      "integrity": "sha512-VF0WSqtmkf56OmF26LCWsWvRb1a+WYGdHDoQnPPCVUQTM8CVUAOBcUDsm7nP7SQcgEEdrvF4DmhEADuXdGieyw==",
      "dev": true
    },
    "node_modules/xregexp": {
      "version": "2.0.0",
      "resolved": "https://registry.npmjs.org/xregexp/-/xregexp-2.0.0.tgz",
      "integrity": "sha512-xl/50/Cf32VsGq/1R8jJE5ajH1yMCQkpmoS10QbFZWl2Oor4H0Me64Pu2yxvsRWK3m6soJbmGfzSR7BYmDcWAA==",
      "dev": true,
      "engines": {
        "node": "*"
      }
    }
  },
  "dependencies": {
    "async": {
      "version": "0.2.9",
      "resolved": "https://registry.npmjs.org/async/-/async-0.2.9.tgz",
      "integrity": "sha512-OAtM6mexGteNKdU29wcUfRW+VuBr94A3hx9h9yzBnPaQAbKoW1ORd68XM4CCAOpdL5wlNFgO29hsY1TKv2vAKw==",
      "dev": true
    },
    "axo": {
      "version": "0.0.2",
      "resolved": "https://registry.npmjs.org/axo/-/axo-0.0.2.tgz",
      "integrity": "sha512-8CC4Mb+OhK97UEng0PgiqUDNZjzVcWDsV+G2vLYCQn1jEL7y6VqiRVlZlRu+aA/ckSznmNzW6X1I6nj2As/haQ==",
      "dev": true
    },
    "colorama": {
      "version": "0.0.0",
      "resolved": "https://registry.npmjs.org/colorama/-/colorama-0.0.0.tgz",
      "integrity": "sha512-w3/qUDXGmxj7knYBkiD9nSkSpu5wjE6beIzMLwzhw+xooBIZ0AXrAs/W8BQRnMlVoLA8SwCQLo334QX3/QOjpA==",
      "dev": true
    },
    "colored": {
      "version": "0.0.15",
      "resolved": "https://registry.npmjs.org/colored/-/colored-0.0.15.tgz",
      "integrity": "sha512-DUcrG5HGk5gnDTqpvrEXB5r2hhA6Vpf8V7p2Ay1mz2u8UtnGHyEpJVCnrgTEUBfI6bf1VK17FUJFsiayt7QF5Q==",
      "dev": true,
      "requires": {
        "colors": "0.6.x",
        "event-stream": "2.2.x",
        "nconf": "0.6.x",
        "xregexp": "2.0.x"
      }
    },
    "colors": {
      "version": "0.6.2",
      "resolved": "https://registry.npmjs.org/colors/-/colors-0.6.2.tgz",
      "integrity": "sha512-OsSVtHK8Ir8r3+Fxw/b4jS1ZLPXkV6ZxDRJQzeD7qo0SqMXWrHDM71DgYzPMHY8SFJ0Ao+nNU2p1MmwdzKqPrw==",
      "dev": true
    },
    "duplexer": {
      "version": "0.0.1",
      "resolved": "https://registry.npmjs.org/duplexer/-/duplexer-0.0.1.tgz",
      "integrity": "sha512-CoqaS7kODg9HlhxXWQtc6R/WY9NOxJ8NXVAIz5bugUW8M3TX+6YuFEBcXbqhfTN+pztRupqxymyheh5lLS/VJg==",
      "dev": true
    },
    "event-stream": {
      "version": "2.2.3",
      "resolved": "https://registry.npmjs.org/event-stream/-/event-stream-2.2.3.tgz",
      "integrity": "sha512-v5XP2HQz5X6UgOrFMg5qG2Ew8h98NYjB964zoJhVZ4dirqQHWfcFUyhJQVDB5rpLAGMOpwH4OxfznxpozlPB2Q==",
      "dev": true,
      "requires": {
        "duplexer": "0.0.1",
        "from": "~0",
        "map-stream": "0.0.1",
        "optimist": "0.2",
        "through": "0.0.4"
      }
    },
    "eventemitter3": {
      "version": "4.0.7",
      "resolved": "https://registry.npmjs.org/eventemitter3/-/eventemitter3-4.0.7.tgz",
      "integrity": "sha512-8guHBZCwKnFhYdHr2ysuRWErTwhoN2X8XELRlrRwpmfeY2jjuUN4taQMsULKUVo1K4DvZl+0pgfyoysHxvmvEw==",
      "dev": true
    },
    "extendible": {
      "version": "0.1.1",
      "resolved": "https://registry.npmjs.org/extendible/-/extendible-0.1.1.tgz",
      "integrity": "sha512-AglckQA0TJV8/ZmhQcNmaaFcFFPXFIoZbfuoQOlGDK7Jh/roWotYzJ7ik1FBBCHBr8n7CgTR8lXXPAN8Rfb7rw==",
      "dev": true
    },
    "failure": {
      "version": "1.1.1",
      "resolved": "https://registry.npmjs.org/failure/-/failure-1.1.1.tgz",
      "integrity": "sha512-lzrrk0NUfjVeU3jLmfU01zP5bfg4XVFxHREYGvgJowaCqHLSQtqIGENH/CU+oSs6yfYObdSM7b9UY/3p2VJOSg==",
      "dev": true
    },
    "from": {
      "version": "0.1.7",
      "resolved": "https://registry.npmjs.org/from/-/from-0.1.7.tgz",
      "integrity": "sha512-twe20eF1OxVxp/ML/kq2p1uc6KvFK/+vs8WjEbeKmV2He22MKm7YF2ANIt+EOqhJ5L3K/SuuPhk0hWQDjOM23g==",
      "dev": true
    },
    "hang": {
      "version": "1.0.0",
      "resolved": "https://registry.npmjs.org/hang/-/hang-1.0.0.tgz",
      "integrity": "sha512-vtBz98Bt/Tbm03cZO5Ymc7ZL8ead/jIx9T5Wg/xuz+9BXPAJNJSdGQW63LoaesogUQKTpHyal339hxTaTf/APg==",
      "dev": true
    },
    "ini": {
      "version": "1.3.8",
      "resolved": "https://registry.npmjs.org/ini/-/ini-1.3.8.tgz",
      "integrity": "sha512-JV/yugV2uzW5iMRSiZAyDtQd+nxtUnjeLt0acNdw98kKLrvuRVyB80tsREOE7yvGVgalhZ6RNXCmEHkUKBKxew==",
      "dev": true
    },
    "loads": {
      "version": "0.0.4",
      "resolved": "https://registry.npmjs.org/loads/-/loads-0.0.4.tgz",
      "integrity": "sha512-XjPzzYIHkuMNqYyvh6AECQAHi682nyKO9TMdMYnaz7QbPDI/KIeSIjRhAlXIbRMPYAgtLUYgPlD3mtKZ4Q8SYA==",
      "dev": true,
      "requires": {
        "failure": "1.1.x",
        "one-time": "0.0.x",
        "xhr-response": "1.0.x",
        "xhr-status": "1.0.x"
      }
    },
    "map-stream": {
      "version": "0.0.1",
      "resolved": "https://registry.npmjs.org/map-stream/-/map-stream-0.0.1.tgz",
      "integrity": "sha512-4khu93cj6f1fqko423wi1O/LTc1kGt41H75wzo9cmnXdq6Qi+hnI0lBoztiGRGcHRy8UaoWVPfNgfOoSJkLWIw==",
      "dev": true
    },
    "minimist": {
      "version": "0.0.10",
      "resolved": "https://registry.npmjs.org/minimist/-/minimist-0.0.10.tgz",
      "integrity": "sha512-iotkTvxc+TwOm5Ieim8VnSNvCDjCK9S8G3scJ50ZthspSxa7jx50jkhYduuAtAjvfDUwSgOwf8+If99AlOEhyw==",
      "dev": true
    },
    "nconf": {
      "version": "0.6.9",
      "resolved": "https://registry.npmjs.org/nconf/-/nconf-0.6.9.tgz",
      "integrity": "sha512-MHiYHIc2igQsoI1v0IcVE4MVaV/+yIQtduOwUcQNoLd+pPgoKblWKbgU3itkhC0az5w2VMdQlQuAO+oi4qxtJg==",
      "dev": true,
      "requires": {
        "async": "0.2.9",
        "ini": "1.x.x",
        "optimist": "0.6.0"
      },
      "dependencies": {
        "optimist": {
          "version": "0.6.0",
          "resolved": "https://registry.npmjs.org/optimist/-/optimist-0.6.0.tgz",
          "integrity": "sha512-ubrZPyOU0AHpXkmwqfWolap+eHMwQ484AKivkf0ZGyysd6fUJZl7ow9iu5UNV1vCZv46HQ7EM83IC3NGJ820hg==",
          "dev": true,
          "requires": {
            "minimist": "~0.0.1",
            "wordwrap": "~0.0.2"
          }
        }
      }
    },
    "node-http-xhr": {
      "version": "1.3.4",
      "resolved": "https://registry.npmjs.org/node-http-xhr/-/node-http-xhr-1.3.4.tgz",
      "integrity": "sha512-0bA08/2RKWxw6pMkOVd3KP+0F5+ifQLMMTDxrCgxlgkoU1N8DhCbCSAYEqpgaVYM2smvbVVewiXjW+8AyoLfxQ==",
      "dev": true
    },
    "numpy": {
      "version": "0.0.1",
      "resolved": "https://registry.npmjs.org/numpy/-/numpy-0.0.1.tgz",
      "integrity": "sha512-HPoSFyRtH4dRUGjI6bzeVKgfOeNtIAWLvVWMqbaNGmWKE+npdnZ6L78TEJELgZBb+9XpL6r16vOz1jaQ7YVI7Q==",
      "dev": true
    },
    "one-time": {
      "version": "0.0.4",
      "resolved": "https://registry.npmjs.org/one-time/-/one-time-0.0.4.tgz",
      "integrity": "sha512-qAMrwuk2xLEutlASoiPiAMW3EN3K96Ka/ilSXYr6qR1zSVXw2j7+yDSqGTC4T9apfLYxM3tLLjKvgPdAUK7kYQ==",
      "dev": true
    },
    "optimist": {
      "version": "0.2.8",
      "resolved": "https://registry.npmjs.org/optimist/-/optimist-0.2.8.tgz",
      "integrity": "sha512-Wy7E3cQDpqsTIFyW7m22hSevyTLxw850ahYv7FWsw4G6MIKVTZ8NSA95KBrQ95a4SMsMr1UGUUnwEFKhVaSzIg==",
      "dev": true,
      "requires": {
        "wordwrap": ">=0.0.1 <0.1.0"
      }
    },
    "requests": {
      "version": "0.3.0",
      "resolved": "https://registry.npmjs.org/requests/-/requests-0.3.0.tgz",
      "integrity": "sha512-1B6nkiHjC1O1cSgFhEwkc+xd8vuj04h7xSmCg5yI8nmhCIKbPkX47od8erQ2pokBt5qxUO7dwP4jplXD6k6ISA==",
      "dev": true,
      "requires": {
        "axo": "0.0.x",
        "eventemitter3": "~4.0.0",
        "extendible": "0.1.x",
        "hang": "1.0.x",
        "loads": "0.0.x",
        "node-http-xhr": "~1.3.0",
        "xhr-send": "1.0.x"
      }
    },
    "through": {
      "version": "0.0.4",
      "resolved": "https://registry.npmjs.org/through/-/through-0.0.4.tgz",
      "integrity": "sha512-7CnD8vVnO0XxijtvcOlnkc8d0Wp1LiiPC2S1eO+2jhRw3baMOmA7Tcq3csUywUoQymdsa363K2nMb6sO/SFCOg==",
      "dev": true
    },
    "wordwrap": {
      "version": "0.0.3",
      "resolved": "https://registry.npmjs.org/wordwrap/-/wordwrap-0.0.3.tgz",
      "integrity": "sha512-1tMA907+V4QmxV7dbRvb4/8MaRALK6q9Abid3ndMYnbyo8piisCmeONVqVSXqQA3KaP4SLt5b7ud6E2sqP8TFw==",
      "dev": true
    },
    "xhr-response": {
      "version": "1.0.1",
      "resolved": "https://registry.npmjs.org/xhr-response/-/xhr-response-1.0.1.tgz",
      "integrity": "sha512-m2FlVRCl3VqDcpc8UaWZJpwuHpFR2vYeXv6ipXU2Uuu4vNKFYVEFI0emuJN370Fge+JCbiAnS+JJmSoWVmWrjQ==",
      "dev": true
    },
    "xhr-send": {
      "version": "1.0.0",
      "resolved": "https://registry.npmjs.org/xhr-send/-/xhr-send-1.0.0.tgz",
      "integrity": "sha512-789EG4qW6Z0nPvG74AV3WWQCnBG5HxJXNiBsnEivZ8OpbvVA0amH0+g+MNT99o5kt/XLdRezm5KS1wJzcGJztw==",
      "dev": true
    },
    "xhr-status": {
      "version": "1.0.1",
      "resolved": "https://registry.npmjs.org/xhr-status/-/xhr-status-1.0.1.tgz",
      "integrity": "sha512-VF0WSqtmkf56OmF26LCWsWvRb1a+WYGdHDoQnPPCVUQTM8CVUAOBcUDsm7nP7SQcgEEdrvF4DmhEADuXdGieyw==",
      "dev": true
    },
    "xregexp": {
      "version": "2.0.0",
      "resolved": "https://registry.npmjs.org/xregexp/-/xregexp-2.0.0.tgz",
      "integrity": "sha512-xl/50/Cf32VsGq/1R8jJE5ajH1yMCQkpmoS10QbFZWl2Oor4H0Me64Pu2yxvsRWK3m6soJbmGfzSR7BYmDcWAA==",
      "dev": true
    }
  }
}
